
Microsoft Visual Studio Solution File, Format Version 12.00
# Visual Studio Version 17
VisualStudioVersion = 17.13.35825.156 d17.13
MinimumVisualStudioVersion = 10.0.40219.1
Project("{FAE04EC0-301F-11D3-BF4B-00C04F79EFBC}") = "DataGridView si Aplicatii cu Ferestre Multiple", "DataGridView si Aplicatii cu Ferestre Multiple.csproj", "{66CA1039-0A3D-49F7-A216-58CDF42D4702}"
EndProject
Global
	GlobalSection(SolutionConfigurationPlatforms) = preSolution
		Debug|Any CPU = Debug|Any CPU
		Release|Any CPU = Release|Any CPU
	EndGlobalSection
	GlobalSection(ProjectConfigurationPlatforms) = postSolution
		{66CA1039-0A3D-49F7-A216-58CDF42D4702}.Debug|Any CPU.ActiveCfg = Debug|Any CPU
		{66CA1039-0A3D-49F7-A216-58CDF42D4702}.Debug|Any CPU.Build.0 = Debug|Any CPU
		{66CA1039-0A3D-49F7-A216-58CDF42D4702}.Release|Any CPU.ActiveCfg = Release|Any CPU
		{66CA1039-0A3D-49F7-A216-58CDF42D4702}.Release|Any CPU.Build.0 = Release|Any CPU
	EndGlobalSection
	GlobalSection(SolutionProperties) = preSolution
		HideSolutionNode = FALSE
	EndGlobalSection
	GlobalSection(ExtensibilityGlobals) = postSolution
		SolutionGuid = {54F82566-259E-4B36-955A-99CC64A46FCD}
	EndGlobalSection
EndGlobal
