
Microsoft Visual Studio Solution File, Format Version 12.00
# Visual Studio Version 17
VisualStudioVersion = 17.14.37314.3 d17.14
MinimumVisualStudioVersion = 10.0.40219.1
Project("{FAE04EC0-301F-11D3-BF4B-00C04F79EFBC}") = "Casa de Schimb Valutar", "Casa de Schimb Valutar.csproj", "{5E2E9B3B-8AA8-484C-96A8-40FB88BBDD32}"
EndProject
Global
	GlobalSection(SolutionConfigurationPlatforms) = preSolution
		Debug|Any CPU = Debug|Any CPU
		Release|Any CPU = Release|Any CPU
	EndGlobalSection
	GlobalSection(ProjectConfigurationPlatforms) = postSolution
		{5E2E9B3B-8AA8-484C-96A8-40FB88BBDD32}.Debug|Any CPU.ActiveCfg = Debug|Any CPU
		{5E2E9B3B-8AA8-484C-96A8-40FB88BBDD32}.Debug|Any CPU.Build.0 = Debug|Any CPU
		{5E2E9B3B-8AA8-484C-96A8-40FB88BBDD32}.Release|Any CPU.ActiveCfg = Release|Any CPU
		{5E2E9B3B-8AA8-484C-96A8-40FB88BBDD32}.Release|Any CPU.Build.0 = Release|Any CPU
	EndGlobalSection
	GlobalSection(SolutionProperties) = preSolution
		HideSolutionNode = FALSE
	EndGlobalSection
	GlobalSection(ExtensibilityGlobals) = postSolution
		SolutionGuid = {B5E64C06-B23E-4166-8604-8B0E0018F496}
	EndGlobalSection
EndGlobal
